
Microsoft Visual Studio Solution File, Format Version 12.00
# Visual Studio 15
VisualStudioVersion = 15.0.27428.2002
MinimumVisualStudioVersion = 10.0.40219.1
Project("{FAE04EC0-301F-11D3-BF4B-00C04F79EFBC}") = "MoviesClient", "MoviesClient\MoviesClient.csproj", "{8DB0F888-637B-4077-8E9B-3E9052FE85E2}"
EndProject
Global
	GlobalSection(SolutionConfigurationPlatforms) = preSolution
		Debug|Any CPU = Debug|Any CPU
		Release|Any CPU = Release|Any CPU
	EndGlobalSection
	GlobalSection(ProjectConfigurationPlatforms) = postSolution
		{8DB0F888-637B-4077-8E9B-3E9052FE85E2}.Debug|Any CPU.ActiveCfg = Debug|Any CPU
		{8DB0F888-637B-4077-8E9B-3E9052FE85E2}.Debug|Any CPU.Build.0 = Debug|Any CPU
		{8DB0F888-637B-4077-8E9B-3E9052FE85E2}.Release|Any CPU.ActiveCfg = Release|Any CPU
		{8DB0F888-637B-4077-8E9B-3E9052FE85E2}.Release|Any CPU.Build.0 = Release|Any CPU
	EndGlobalSection
	GlobalSection(SolutionProperties) = preSolution
		HideSolutionNode = FALSE
	EndGlobalSection
	GlobalSection(ExtensibilityGlobals) = postSolution
		SolutionGuid = {8BF30DEE-E35D-4437-8B8C-9C2E989222E4}
	EndGlobalSection
EndGlobal
