
Microsoft Visual Studio Solution File, Format Version 12.00
# Visual Studio Version 16
VisualStudioVersion = 16.0.29709.97
MinimumVisualStudioVersion = 10.0.40219.1
Project("{FAE04EC0-301F-11D3-BF4B-00C04F79EFBC}") = "Raml.Parser.Model", "Raml.Parser.Model\Raml.Parser.Model.csproj", "{07B9996C-7EE6-4EE7-B80A-B034ABDC0A8A}"
EndProject
Global
	GlobalSection(SolutionConfigurationPlatforms) = preSolution
		Debug|Any CPU = Debug|Any CPU
		Release|Any CPU = Release|Any CPU
	EndGlobalSection
	GlobalSection(ProjectConfigurationPlatforms) = postSolution
		{07B9996C-7EE6-4EE7-B80A-B034ABDC0A8A}.Debug|Any CPU.ActiveCfg = Debug|Any CPU
		{07B9996C-7EE6-4EE7-B80A-B034ABDC0A8A}.Debug|Any CPU.Build.0 = Debug|Any CPU
		{07B9996C-7EE6-4EE7-B80A-B034ABDC0A8A}.Release|Any CPU.ActiveCfg = Release|Any CPU
		{07B9996C-7EE6-4EE7-B80A-B034ABDC0A8A}.Release|Any CPU.Build.0 = Release|Any CPU
	EndGlobalSection
	GlobalSection(SolutionProperties) = preSolution
		HideSolutionNode = FALSE
	EndGlobalSection
	GlobalSection(ExtensibilityGlobals) = postSolution
		SolutionGuid = {18B35633-ED61-46D2-ADFE-7C93C465176E}
	EndGlobalSection
EndGlobal
